
Microsoft Visual Studio Solution File, Format Version 12.00
# Visual Studio Version 17
VisualStudioVersion = 17.8.34525.116
MinimumVisualStudioVersion = 10.0.40219.1
Project("{FAE04EC0-301F-11D3-BF4B-00C04F79EFBC}") = "feladat4", "feladat4\feladat4.csproj", "{548C29D7-86BC-4DC5-BB6B-B882127CF295}"
EndProject
Global
	GlobalSection(SolutionConfigurationPlatforms) = preSolution
		Debug|Any CPU = Debug|Any CPU
		Release|Any CPU = Release|Any CPU
	EndGlobalSection
	GlobalSection(ProjectConfigurationPlatforms) = postSolution
		{548C29D7-86BC-4DC5-BB6B-B882127CF295}.Debug|Any CPU.ActiveCfg = Debug|Any CPU
		{548C29D7-86BC-4DC5-BB6B-B882127CF295}.Debug|Any CPU.Build.0 = Debug|Any CPU
		{548C29D7-86BC-4DC5-BB6B-B882127CF295}.Release|Any CPU.ActiveCfg = Release|Any CPU
		{548C29D7-86BC-4DC5-BB6B-B882127CF295}.Release|Any CPU.Build.0 = Release|Any CPU
	EndGlobalSection
	GlobalSection(SolutionProperties) = preSolution
		HideSolutionNode = FALSE
	EndGlobalSection
	GlobalSection(ExtensibilityGlobals) = postSolution
		SolutionGuid = {644E58B2-DF3A-4086-9FA4-D88D7974048C}
	EndGlobalSection
EndGlobal
